
Microsoft Visual Studio Solution File, Format Version 12.00
# Visual Studio for Mac
Project("{FAE04EC0-301F-11D3-BF4B-00C04F79EFBC}") = "SimpleRunningGame", "Assembly-CSharp.csproj", "{78A20E17-579F-8B15-E8B1-44B81D8A988A}"
EndProject
Global
	GlobalSection(SolutionConfigurationPlatforms) = preSolution
		Debug|Any CPU = Debug|Any CPU
		Release|Any CPU = Release|Any CPU
	EndGlobalSection
	GlobalSection(ProjectConfigurationPlatforms) = postSolution
		{78A20E17-579F-8B15-E8B1-44B81D8A988A}.Debug|Any CPU.ActiveCfg = Debug|Any CPU
		{78A20E17-579F-8B15-E8B1-44B81D8A988A}.Debug|Any CPU.Build.0 = Debug|Any CPU
		{78A20E17-579F-8B15-E8B1-44B81D8A988A}.Release|Any CPU.ActiveCfg = Release|Any CPU
		{78A20E17-579F-8B15-E8B1-44B81D8A988A}.Release|Any CPU.Build.0 = Release|Any CPU
	EndGlobalSection
	GlobalSection(SolutionProperties) = preSolution
		HideSolutionNode = FALSE
	EndGlobalSection
EndGlobal
